
Microsoft Visual Studio Solution File, Format Version 12.00
# Visual Studio Version 17
VisualStudioVersion = 17.2.32602.215
MinimumVisualStudioVersion = 10.0.40219.1
Project("{FAE04EC0-301F-11D3-BF4B-00C04F79EFBC}") = "ToDo.Application", "ToDo.Application\ToDo.Application.csproj", "{734EFFE2-5C7F-44AE-85C1-FB1134AEB45E}"
EndProject
Project("{FAE04EC0-301F-11D3-BF4B-00C04F79EFBC}") = "ToDo.Infrastructure", "ToDo.Infrastructure\ToDo.Infrastructure.csproj", "{2512510B-C136-44F4-9039-75A60281B168}"
EndProject
Project("{FAE04EC0-301F-11D3-BF4B-00C04F79EFBC}") = "ToDo.Domain", "ToDo.Domain\ToDo.Domain.csproj", "{01EEA06D-249B-4724-B25A-06ADE384D6F2}"
EndProject
Project("{FAE04EC0-301F-11D3-BF4B-00C04F79EFBC}") = "ToDo.WEB", "ToDo.WEB\ToDo.WEB.csproj", "{14E605CB-04F7-4FB2-AB8E-5D519CCFDFB2}"
EndProject
Project("{FAE04EC0-301F-11D3-BF4B-00C04F79EFBC}") = "ToDo.Common", "ToDo.Common\ToDo.Common.csproj", "{7044C524-2F4F-428D-94FA-AAA89EFD06F9}"
EndProject
Global
	GlobalSection(SolutionConfigurationPlatforms) = preSolution
		Debug|Any CPU = Debug|Any CPU
		Release|Any CPU = Release|Any CPU
	EndGlobalSection
	GlobalSection(ProjectConfigurationPlatforms) = postSolution
		{734EFFE2-5C7F-44AE-85C1-FB1134AEB45E}.Debug|Any CPU.ActiveCfg = Debug|Any CPU
		{734EFFE2-5C7F-44AE-85C1-FB1134AEB45E}.Debug|Any CPU.Build.0 = Debug|Any CPU
		{734EFFE2-5C7F-44AE-85C1-FB1134AEB45E}.Release|Any CPU.ActiveCfg = Release|Any CPU
		{734EFFE2-5C7F-44AE-85C1-FB1134AEB45E}.Release|Any CPU.Build.0 = Release|Any CPU
		{2512510B-C136-44F4-9039-75A60281B168}.Debug|Any CPU.ActiveCfg = Debug|Any CPU
		{2512510B-C136-44F4-9039-75A60281B168}.Debug|Any CPU.Build.0 = Debug|Any CPU
		{2512510B-C136-44F4-9039-75A60281B168}.Release|Any CPU.ActiveCfg = Release|Any CPU
		{2512510B-C136-44F4-9039-75A60281B168}.Release|Any CPU.Build.0 = Release|Any CPU
		{01EEA06D-249B-4724-B25A-06ADE384D6F2}.Debug|Any CPU.ActiveCfg = Debug|Any CPU
		{01EEA06D-249B-4724-B25A-06ADE384D6F2}.Debug|Any CPU.Build.0 = Debug|Any CPU
		{01EEA06D-249B-4724-B25A-06ADE384D6F2}.Release|Any CPU.ActiveCfg = Release|Any CPU
		{01EEA06D-249B-4724-B25A-06ADE384D6F2}.Release|Any CPU.Build.0 = Release|Any CPU
		{14E605CB-04F7-4FB2-AB8E-5D519CCFDFB2}.Debug|Any CPU.ActiveCfg = Debug|Any CPU
		{14E605CB-04F7-4FB2-AB8E-5D519CCFDFB2}.Debug|Any CPU.Build.0 = Debug|Any CPU
		{14E605CB-04F7-4FB2-AB8E-5D519CCFDFB2}.Release|Any CPU.ActiveCfg = Release|Any CPU
		{14E605CB-04F7-4FB2-AB8E-5D519CCFDFB2}.Release|Any CPU.Build.0 = Release|Any CPU
		{7044C524-2F4F-428D-94FA-AAA89EFD06F9}.Debug|Any CPU.ActiveCfg = Debug|Any CPU
		{7044C524-2F4F-428D-94FA-AAA89EFD06F9}.Debug|Any CPU.Build.0 = Debug|Any CPU
		{7044C524-2F4F-428D-94FA-AAA89EFD06F9}.Release|Any CPU.ActiveCfg = Release|Any CPU
		{7044C524-2F4F-428D-94FA-AAA89EFD06F9}.Release|Any CPU.Build.0 = Release|Any CPU
	EndGlobalSection
	GlobalSection(SolutionProperties) = preSolution
		HideSolutionNode = FALSE
	EndGlobalSection
	GlobalSection(ExtensibilityGlobals) = postSolution
		SolutionGuid = {C3C825A2-3336-4147-98BB-7AADB1E34DA3}
	EndGlobalSection
EndGlobal
